
Microsoft Visual Studio Solution File, Format Version 12.00
# Visual Studio Version 16
VisualStudioVersion = 16.0.29306.81
MinimumVisualStudioVersion = 10.0.40219.1
Project("{FAE04EC0-301F-11D3-BF4B-00C04F79EFBC}") = "EventStoreDS", "EventStoreDS.csproj", "{8B3C1356-0726-4EF5-AA65-78179E4A4D65}"
EndProject
Global
	GlobalSection(SolutionConfigurationPlatforms) = preSolution
		Debug|x86 = Debug|x86
		Release|x86 = Release|x86
	EndGlobalSection
	GlobalSection(ProjectConfigurationPlatforms) = postSolution
		{8B3C1356-0726-4EF5-AA65-78179E4A4D65}.Debug|x86.ActiveCfg = Debug|x86
		{8B3C1356-0726-4EF5-AA65-78179E4A4D65}.Debug|x86.Build.0 = Debug|x86
		{8B3C1356-0726-4EF5-AA65-78179E4A4D65}.Release|x86.ActiveCfg = Release|x86
		{8B3C1356-0726-4EF5-AA65-78179E4A4D65}.Release|x86.Build.0 = Release|x86
	EndGlobalSection
	GlobalSection(SolutionProperties) = preSolution
		HideSolutionNode = FALSE
	EndGlobalSection
	GlobalSection(ExtensibilityGlobals) = postSolution
		SolutionGuid = {69AE1A15-63A2-4B80-A376-3E2333750471}
	EndGlobalSection
EndGlobal
