
Microsoft Visual Studio Solution File, Format Version 12.00
# Visual Studio Version 16
VisualStudioVersion = 16.0.29230.47
MinimumVisualStudioVersion = 10.0.40219.1
Project("{FAE04EC0-301F-11D3-BF4B-00C04F79EFBC}") = "IT2030DavidSmithLab2", "IT2030DavidSmithLab2\IT2030DavidSmithLab2.csproj", "{6B7255D0-1381-4186-91E6-46D9F01DCA32}"
EndProject
Global
	GlobalSection(SolutionConfigurationPlatforms) = preSolution
		Debug|Any CPU = Debug|Any CPU
		Release|Any CPU = Release|Any CPU
	EndGlobalSection
	GlobalSection(ProjectConfigurationPlatforms) = postSolution
		{6B7255D0-1381-4186-91E6-46D9F01DCA32}.Debug|Any CPU.ActiveCfg = Debug|Any CPU
		{6B7255D0-1381-4186-91E6-46D9F01DCA32}.Debug|Any CPU.Build.0 = Debug|Any CPU
		{6B7255D0-1381-4186-91E6-46D9F01DCA32}.Release|Any CPU.ActiveCfg = Release|Any CPU
		{6B7255D0-1381-4186-91E6-46D9F01DCA32}.Release|Any CPU.Build.0 = Release|Any CPU
	EndGlobalSection
	GlobalSection(SolutionProperties) = preSolution
		HideSolutionNode = FALSE
	EndGlobalSection
	GlobalSection(ExtensibilityGlobals) = postSolution
		SolutionGuid = {C89AAB19-5A04-4B71-BB7C-9AE1311C1529}
	EndGlobalSection
EndGlobal
