
Microsoft Visual Studio Solution File, Format Version 12.00
# Visual Studio Version 16
VisualStudioVersion = 16.0.29306.81
MinimumVisualStudioVersion = 10.0.40219.1
Project("{FAE04EC0-301F-11D3-BF4B-00C04F79EFBC}") = "EventStore", "EventStore.csproj", "{95AE73FE-934F-4821-84F0-BEE5E866299D}"
EndProject
Project("{FAE04EC0-301F-11D3-BF4B-00C04F79EFBC}") = "EventStore.Tests", "..\EventStore.Tests\EventStore.Tests.csproj", "{6B19FE3C-E0A9-4749-8637-0E254F32E3E9}"
EndProject
Global
	GlobalSection(SolutionConfigurationPlatforms) = preSolution
		Debug|Any CPU = Debug|Any CPU
		Release|Any CPU = Release|Any CPU
	EndGlobalSection
	GlobalSection(ProjectConfigurationPlatforms) = postSolution
		{95AE73FE-934F-4821-84F0-BEE5E866299D}.Debug|Any CPU.ActiveCfg = Debug|Any CPU
		{95AE73FE-934F-4821-84F0-BEE5E866299D}.Debug|Any CPU.Build.0 = Debug|Any CPU
		{95AE73FE-934F-4821-84F0-BEE5E866299D}.Release|Any CPU.ActiveCfg = Release|Any CPU
		{95AE73FE-934F-4821-84F0-BEE5E866299D}.Release|Any CPU.Build.0 = Release|Any CPU
		{6B19FE3C-E0A9-4749-8637-0E254F32E3E9}.Debug|Any CPU.ActiveCfg = Debug|Any CPU
		{6B19FE3C-E0A9-4749-8637-0E254F32E3E9}.Debug|Any CPU.Build.0 = Debug|Any CPU
		{6B19FE3C-E0A9-4749-8637-0E254F32E3E9}.Release|Any CPU.ActiveCfg = Release|Any CPU
		{6B19FE3C-E0A9-4749-8637-0E254F32E3E9}.Release|Any CPU.Build.0 = Release|Any CPU
	EndGlobalSection
	GlobalSection(SolutionProperties) = preSolution
		HideSolutionNode = FALSE
	EndGlobalSection
	GlobalSection(ExtensibilityGlobals) = postSolution
		SolutionGuid = {288D866F-711B-45A4-88F4-9E798A71762A}
	EndGlobalSection
EndGlobal
